// !$*UTF8*$!
{
	archiveVersion = 1;
	classes = {
	};
	objectVersion = 56;
	objects = {

/* Begin PBXBuildFile section */
		7230DD2F2C07377E00529868 /* ShoppingListRepository.swift in Sources */ = {isa = PBXBuildFile; fileRef = 7230DD2E2C07377E00529868 /* ShoppingListRepository.swift */; };
		7230DD312C0740CA00529868 /* DataRepository.swift in Sources */ = {isa = PBXBuildFile; fileRef = 7230DD302C0740CA00529868 /* DataRepository.swift */; };
		7230DD362C0747CC00529868 /* ShoppingListViewModel.swift in Sources */ = {isa = PBXBuildFile; fileRef = 7230DD352C0747CC00529868 /* ShoppingListViewModel.swift */; };
		7230DD392C074AA900529868 /* ShoppingList.xcdatamodeld in Sources */ = {isa = PBXBuildFile; fileRef = 7230DD372C074AA900529868 /* ShoppingList.xcdatamodeld */; };
		72EBCF1B2C05056F009D21E7 /* Shopping_ListApp.swift in Sources */ = {isa = PBXBuildFile; fileRef = 72EBCF1A2C05056F009D21E7 /* Shopping_ListApp.swift */; };
		72EBCF1F2C05056F009D21E7 /* Item.swift in Sources */ = {isa = PBXBuildFile; fileRef = 72EBCF1E2C05056F009D21E7 /* Item.swift */; };
		72EBCF212C050571009D21E7 /* Assets.xcassets in Resources */ = {isa = PBXBuildFile; fileRef = 72EBCF202C050571009D21E7 /* Assets.xcassets */; };
		72EBCF242C050571009D21E7 /* Preview Assets.xcassets in Resources */ = {isa = PBXBuildFile; fileRef = 72EBCF232C050571009D21E7 /* Preview Assets.xcassets */; };
		72EBCF2E2C050571009D21E7 /* Shopping_ListTests.swift in Sources */ = {isa = PBXBuildFile; fileRef = 72EBCF2D2C050571009D21E7 /* Shopping_ListTests.swift */; };
		72EBCF382C050571009D21E7 /* ShoppingListViewUITests.swift in Sources */ = {isa = PBXBuildFile; fileRef = 72EBCF372C050571009D21E7 /* ShoppingListViewUITests.swift */; };
		72EBCF3A2C050571009D21E7 /* Shopping_ListUITestsLaunchTests.swift in Sources */ = {isa = PBXBuildFile; fileRef = 72EBCF392C050571009D21E7 /* Shopping_ListUITestsLaunchTests.swift */; };
		72EBCF492C050B03009D21E7 /* ShoppingListView.swift in Sources */ = {isa = PBXBuildFile; fileRef = 72EBCF1C2C05056F009D21E7 /* ShoppingListView.swift */; };
		72EBCF4C2C050E32009D21E7 /* AddItemView.swift in Sources */ = {isa = PBXBuildFile; fileRef = 72EBCF4B2C050E32009D21E7 /* AddItemView.swift */; };
		72EBCF4E2C05129C009D21E7 /* EditItemView.swift in Sources */ = {isa = PBXBuildFile; fileRef = 72EBCF4D2C05129C009D21E7 /* EditItemView.swift */; };
		72EBCF502C0525A3009D21E7 /* ShoppingItemView.swift in Sources */ = {isa = PBXBuildFile; fileRef = 72EBCF4F2C0525A3009D21E7 /* ShoppingItemView.swift */; };
		72EBCF5D2C0727F0009D21E7 /* AccessibilityIdentifiers.swift in Sources */ = {isa = PBXBuildFile; fileRef = 72EBCF5C2C0727F0009D21E7 /* AccessibilityIdentifiers.swift */; };
		72EBCF5E2C0727F0009D21E7 /* AccessibilityIdentifiers.swift in Sources */ = {isa = PBXBuildFile; fileRef = 72EBCF5C2C0727F0009D21E7 /* AccessibilityIdentifiers.swift */; };
/* End PBXBuildFile section */

/* Begin PBXContainerItemProxy section */
		72EBCF2A2C050571009D21E7 /* PBXContainerItemProxy */ = {
			isa = PBXContainerItemProxy;
			containerPortal = 72EBCF0F2C05056F009D21E7 /* Project object */;
			proxyType = 1;
			remoteGlobalIDString = 72EBCF162C05056F009D21E7;
			remoteInfo = "Shopping List";
		};
		72EBCF342C050571009D21E7 /* PBXContainerItemProxy */ = {
			isa = PBXContainerItemProxy;
			containerPortal = 72EBCF0F2C05056F009D21E7 /* Project object */;
			proxyType = 1;
			remoteGlobalIDString = 72EBCF162C05056F009D21E7;
			remoteInfo = "Shopping List";
		};
/* End PBXContainerItemProxy section */

/* Begin PBXFileReference section */
		7230DD2E2C07377E00529868 /* ShoppingListRepository.swift */ = {isa = PBXFileReference; lastKnownFileType = sourcecode.swift; path = ShoppingListRepository.swift; sourceTree = "<group>"; };
		7230DD302C0740CA00529868 /* DataRepository.swift */ = {isa = PBXFileReference; lastKnownFileType = sourcecode.swift; path = DataRepository.swift; sourceTree = "<group>"; };
		7230DD352C0747CC00529868 /* ShoppingListViewModel.swift */ = {isa = PBXFileReference; lastKnownFileType = sourcecode.swift; path = ShoppingListViewModel.swift; sourceTree = "<group>"; };
		7230DD382C074AA900529868 /* ShoppingList.xcdatamodel */ = {isa = PBXFileReference; lastKnownFileType = wrapper.xcdatamodel; path = ShoppingList.xcdatamodel; sourceTree = "<group>"; };
		72EBCF172C05056F009D21E7 /* Shopping List.app */ = {isa = PBXFileReference; explicitFileType = wrapper.application; includeInIndex = 0; path = "Shopping List.app"; sourceTree = BUILT_PRODUCTS_DIR; };
		72EBCF1A2C05056F009D21E7 /* Shopping_ListApp.swift */ = {isa = PBXFileReference; lastKnownFileType = sourcecode.swift; path = Shopping_ListApp.swift; sourceTree = "<group>"; };
		72EBCF1C2C05056F009D21E7 /* ShoppingListView.swift */ = {isa = PBXFileReference; lastKnownFileType = sourcecode.swift; path = ShoppingListView.swift; sourceTree = "<group>"; };
		72EBCF1E2C05056F009D21E7 /* Item.swift */ = {isa = PBXFileReference; lastKnownFileType = sourcecode.swift; path = Item.swift; sourceTree = "<group>"; };
		72EBCF202C050571009D21E7 /* Assets.xcassets */ = {isa = PBXFileReference; lastKnownFileType = folder.assetcatalog; path = Assets.xcassets; sourceTree = "<group>"; };
		72EBCF232C050571009D21E7 /* Preview Assets.xcassets */ = {isa = PBXFileReference; lastKnownFileType = folder.assetcatalog; path = "Preview Assets.xcassets"; sourceTree = "<group>"; };
		72EBCF292C050571009D21E7 /* Shopping ListTests.xctest */ = {isa = PBXFileReference; explicitFileType = wrapper.cfbundle; includeInIndex = 0; path = "Shopping ListTests.xctest"; sourceTree = BUILT_PRODUCTS_DIR; };
		72EBCF2D2C050571009D21E7 /* Shopping_ListTests.swift */ = {isa = PBXFileReference; lastKnownFileType = sourcecode.swift; path = Shopping_ListTests.swift; sourceTree = "<group>"; };
		72EBCF332C050571009D21E7 /* Shopping ListUITests.xctest */ = {isa = PBXFileReference; explicitFileType = wrapper.cfbundle; includeInIndex = 0; path = "Shopping ListUITests.xctest"; sourceTree = BUILT_PRODUCTS_DIR; };
		72EBCF372C050571009D21E7 /* ShoppingListViewUITests.swift */ = {isa = PBXFileReference; lastKnownFileType = sourcecode.swift; path = ShoppingListViewUITests.swift; sourceTree = "<group>"; };
		72EBCF392C050571009D21E7 /* Shopping_ListUITestsLaunchTests.swift */ = {isa = PBXFileReference; lastKnownFileType = sourcecode.swift; path = Shopping_ListUITestsLaunchTests.swift; sourceTree = "<group>"; };
		72EBCF4B2C050E32009D21E7 /* AddItemView.swift */ = {isa = PBXFileReference; lastKnownFileType = sourcecode.swift; path = AddItemView.swift; sourceTree = "<group>"; };
		72EBCF4D2C05129C009D21E7 /* EditItemView.swift */ = {isa = PBXFileReference; lastKnownFileType = sourcecode.swift; path = EditItemView.swift; sourceTree = "<group>"; };
		72EBCF4F2C0525A3009D21E7 /* ShoppingItemView.swift */ = {isa = PBXFileReference; lastKnownFileType = sourcecode.swift; path = ShoppingItemView.swift; sourceTree = "<group>"; };
		72EBCF5C2C0727F0009D21E7 /* AccessibilityIdentifiers.swift */ = {isa = PBXFileReference; lastKnownFileType = sourcecode.swift; path = AccessibilityIdentifiers.swift; sourceTree = "<group>"; };
/* End PBXFileReference section */

/* Begin PBXFrameworksBuildPhase section */
		72EBCF142C05056F009D21E7 /* Frameworks */ = {
			isa = PBXFrameworksBuildPhase;
			buildActionMask = 2147483647;
			files = (
			);
			runOnlyForDeploymentPostprocessing = 0;
		};
		72EBCF262C050571009D21E7 /* Frameworks */ = {
			isa = PBXFrameworksBuildPhase;
			buildActionMask = 2147483647;
			files = (
			);
			runOnlyForDeploymentPostprocessing = 0;
		};
		72EBCF302C050571009D21E7 /* Frameworks */ = {
			isa = PBXFrameworksBuildPhase;
			buildActionMask = 2147483647;
			files = (
			);
			runOnlyForDeploymentPostprocessing = 0;
		};
/* End PBXFrameworksBuildPhase section */

/* Begin PBXGroup section */
		7230DD2D2C07376500529868 /* Repository */ = {
			isa = PBXGroup;
			children = (
				7230DD302C0740CA00529868 /* DataRepository.swift */,
				7230DD2E2C07377E00529868 /* ShoppingListRepository.swift */,
			);
			path = Repository;
			sourceTree = "<group>";
		};
		7230DD342C0747B400529868 /* ViewModels */ = {
			isa = PBXGroup;
			children = (
				7230DD352C0747CC00529868 /* ShoppingListViewModel.swift */,
			);
			path = ViewModels;
			sourceTree = "<group>";
		};
		72EBCF0E2C05056F009D21E7 = {
			isa = PBXGroup;
			children = (
				72EBCF192C05056F009D21E7 /* Shopping List */,
				72EBCF2C2C050571009D21E7 /* Shopping ListTests */,
				72EBCF362C050571009D21E7 /* Shopping ListUITests */,
				72EBCF182C05056F009D21E7 /* Products */,
			);
			sourceTree = "<group>";
		};
		72EBCF182C05056F009D21E7 /* Products */ = {
			isa = PBXGroup;
			children = (
				72EBCF172C05056F009D21E7 /* Shopping List.app */,
				72EBCF292C050571009D21E7 /* Shopping ListTests.xctest */,
				72EBCF332C050571009D21E7 /* Shopping ListUITests.xctest */,
			);
			name = Products;
			sourceTree = "<group>";
		};
		72EBCF192C05056F009D21E7 /* Shopping List */ = {
			isa = PBXGroup;
			children = (
				72EBCF1A2C05056F009D21E7 /* Shopping_ListApp.swift */,
				72EBCF4A2C050E1A009D21E7 /* View */,
				72EBCF472C0509C9009D21E7 /* Model */,
				7230DD342C0747B400529868 /* ViewModels */,
				7230DD2D2C07376500529868 /* Repository */,
				72EBCF5B2C0727B7009D21E7 /* Constants */,
				72EBCF202C050571009D21E7 /* Assets.xcassets */,
				72EBCF222C050571009D21E7 /* Preview Content */,
				7230DD372C074AA900529868 /* ShoppingList.xcdatamodeld */,
			);
			path = "Shopping List";
			sourceTree = "<group>";
		};
		72EBCF222C050571009D21E7 /* Preview Content */ = {
			isa = PBXGroup;
			children = (
				72EBCF232C050571009D21E7 /* Preview Assets.xcassets */,
			);
			path = "Preview Content";
			sourceTree = "<group>";
		};
		72EBCF2C2C050571009D21E7 /* Shopping ListTests */ = {
			isa = PBXGroup;
			children = (
				72EBCF2D2C050571009D21E7 /* Shopping_ListTests.swift */,
			);
			path = "Shopping ListTests";
			sourceTree = "<group>";
		};
		72EBCF362C050571009D21E7 /* Shopping ListUITests */ = {
			isa = PBXGroup;
			children = (
				72EBCF372C050571009D21E7 /* ShoppingListViewUITests.swift */,
				72EBCF392C050571009D21E7 /* Shopping_ListUITestsLaunchTests.swift */,
			);
			path = "Shopping ListUITests";
			sourceTree = "<group>";
		};
		72EBCF472C0509C9009D21E7 /* Model */ = {
			isa = PBXGroup;
			children = (
				72EBCF1E2C05056F009D21E7 /* Item.swift */,
			);
			path = Model;
			sourceTree = "<group>";
		};
		72EBCF4A2C050E1A009D21E7 /* View */ = {
			isa = PBXGroup;
			children = (
				72EBCF1C2C05056F009D21E7 /* ShoppingListView.swift */,
				72EBCF4B2C050E32009D21E7 /* AddItemView.swift */,
				72EBCF4D2C05129C009D21E7 /* EditItemView.swift */,
				72EBCF512C05FFE1009D21E7 /* Components */,
			);
			path = View;
			sourceTree = "<group>";
		};
		72EBCF512C05FFE1009D21E7 /* Components */ = {
			isa = PBXGroup;
			children = (
				72EBCF4F2C0525A3009D21E7 /* ShoppingItemView.swift */,
			);
			path = Components;
			sourceTree = "<group>";
		};
		72EBCF5B2C0727B7009D21E7 /* Constants */ = {
			isa = PBXGroup;
			children = (
				72EBCF5C2C0727F0009D21E7 /* AccessibilityIdentifiers.swift */,
			);
			path = Constants;
			sourceTree = "<group>";
		};
/* End PBXGroup section */

/* Begin PBXNativeTarget section */
		72EBCF162C05056F009D21E7 /* Shopping List */ = {
			isa = PBXNativeTarget;
			buildConfigurationList = 72EBCF3D2C050571009D21E7 /* Build configuration list for PBXNativeTarget "Shopping List" */;
			buildPhases = (
				72EBCF132C05056F009D21E7 /* Sources */,
				72EBCF142C05056F009D21E7 /* Frameworks */,
				72EBCF152C05056F009D21E7 /* Resources */,
			);
			buildRules = (
			);
			dependencies = (
			);
			name = "Shopping List";
			productName = "Shopping List";
			productReference = 72EBCF172C05056F009D21E7 /* Shopping List.app */;
			productType = "com.apple.product-type.application";
		};
		72EBCF282C050571009D21E7 /* Shopping ListTests */ = {
			isa = PBXNativeTarget;
			buildConfigurationList = 72EBCF402C050571009D21E7 /* Build configuration list for PBXNativeTarget "Shopping ListTests" */;
			buildPhases = (
				72EBCF252C050571009D21E7 /* Sources */,
				72EBCF262C050571009D21E7 /* Frameworks */,
				72EBCF272C050571009D21E7 /* Resources */,
			);
			buildRules = (
			);
			dependencies = (
				72EBCF2B2C050571009D21E7 /* PBXTargetDependency */,
			);
			name = "Shopping ListTests";
			productName = "Shopping ListTests";
			productReference = 72EBCF292C050571009D21E7 /* Shopping ListTests.xctest */;
			productType = "com.apple.product-type.bundle.unit-test";
		};
		72EBCF322C050571009D21E7 /* Shopping ListUITests */ = {
			isa = PBXNativeTarget;
			buildConfigurationList = 72EBCF432C050571009D21E7 /* Build configuration list for PBXNativeTarget "Shopping ListUITests" */;
			buildPhases = (
				72EBCF2F2C050571009D21E7 /* Sources */,
				72EBCF302C050571009D21E7 /* Frameworks */,
				72EBCF312C050571009D21E7 /* Resources */,
			);
			buildRules = (
			);
			dependencies = (
				72EBCF352C050571009D21E7 /* PBXTargetDependency */,
			);
			name = "Shopping ListUITests";
			productName = "Shopping ListUITests";
			productReference = 72EBCF332C050571009D21E7 /* Shopping ListUITests.xctest */;
			productType = "com.apple.product-type.bundle.ui-testing";
		};
/* End PBXNativeTarget section */

/* Begin PBXProject section */
		72EBCF0F2C05056F009D21E7 /* Project object */ = {
			isa = PBXProject;
			attributes = {
				BuildIndependentTargetsInParallel = 1;
				LastSwiftUpdateCheck = 1540;
				LastUpgradeCheck = 1540;
				TargetAttributes = {
					72EBCF162C05056F009D21E7 = {
						CreatedOnToolsVersion = 15.4;
					};
					72EBCF282C050571009D21E7 = {
						CreatedOnToolsVersion = 15.4;
						TestTargetID = 72EBCF162C05056F009D21E7;
					};
					72EBCF322C050571009D21E7 = {
						CreatedOnToolsVersion = 15.4;
						TestTargetID = 72EBCF162C05056F009D21E7;
					};
				};
			};
			buildConfigurationList = 72EBCF122C05056F009D21E7 /* Build configuration list for PBXProject "Shopping List" */;
			compatibilityVersion = "Xcode 14.0";
			developmentRegion = en;
			hasScannedForEncodings = 0;
			knownRegions = (
				en,
				Base,
			);
			mainGroup = 72EBCF0E2C05056F009D21E7;
			productRefGroup = 72EBCF182C05056F009D21E7 /* Products */;
			projectDirPath = "";
			projectRoot = "";
			targets = (
				72EBCF162C05056F009D21E7 /* Shopping List */,
				72EBCF282C050571009D21E7 /* Shopping ListTests */,
				72EBCF322C050571009D21E7 /* Shopping ListUITests */,
			);
		};
/* End PBXProject section */

/* Begin PBXResourcesBuildPhase section */
		72EBCF152C05056F009D21E7 /* Resources */ = {
			isa = PBXResourcesBuildPhase;
			buildActionMask = 2147483647;
			files = (
				72EBCF242C050571009D21E7 /* Preview Assets.xcassets in Resources */,
				72EBCF212C050571009D21E7 /* Assets.xcassets in Resources */,
			);
			runOnlyForDeploymentPostprocessing = 0;
		};
		72EBCF272C050571009D21E7 /* Resources */ = {
			isa = PBXResourcesBuildPhase;
			buildActionMask = 2147483647;
			files = (
			);
			runOnlyForDeploymentPostprocessing = 0;
		};
		72EBCF312C050571009D21E7 /* Resources */ = {
			isa = PBXResourcesBuildPhase;
			buildActionMask = 2147483647;
			files = (
			);
			runOnlyForDeploymentPostprocessing = 0;
		};
/* End PBXResourcesBuildPhase section */

/* Begin PBXSourcesBuildPhase section */
		72EBCF132C05056F009D21E7 /* Sources */ = {
			isa = PBXSourcesBuildPhase;
			buildActionMask = 2147483647;
			files = (
				72EBCF492C050B03009D21E7 /* ShoppingListView.swift in Sources */,
				72EBCF1F2C05056F009D21E7 /* Item.swift in Sources */,
				72EBCF4E2C05129C009D21E7 /* EditItemView.swift in Sources */,
				7230DD2F2C07377E00529868 /* ShoppingListRepository.swift in Sources */,
				72EBCF502C0525A3009D21E7 /* ShoppingItemView.swift in Sources */,
				7230DD362C0747CC00529868 /* ShoppingListViewModel.swift in Sources */,
				72EBCF5D2C0727F0009D21E7 /* AccessibilityIdentifiers.swift in Sources */,
				7230DD312C0740CA00529868 /* DataRepository.swift in Sources */,
				7230DD392C074AA900529868 /* ShoppingList.xcdatamodeld in Sources */,
				72EBCF1B2C05056F009D21E7 /* Shopping_ListApp.swift in Sources */,
				72EBCF4C2C050E32009D21E7 /* AddItemView.swift in Sources */,
			);
			runOnlyForDeploymentPostprocessing = 0;
		};
		72EBCF252C050571009D21E7 /* Sources */ = {
			isa = PBXSourcesBuildPhase;
			buildActionMask = 2147483647;
			files = (
				72EBCF2E2C050571009D21E7 /* Shopping_ListTests.swift in Sources */,
			);
			runOnlyForDeploymentPostprocessing = 0;
		};
		72EBCF2F2C050571009D21E7 /* Sources */ = {
			isa = PBXSourcesBuildPhase;
			buildActionMask = 2147483647;
			files = (
				72EBCF5E2C0727F0009D21E7 /* AccessibilityIdentifiers.swift in Sources */,
				72EBCF3A2C050571009D21E7 /* Shopping_ListUITestsLaunchTests.swift in Sources */,
				72EBCF382C050571009D21E7 /* ShoppingListViewUITests.swift in Sources */,
			);
			runOnlyForDeploymentPostprocessing = 0;
		};
/* End PBXSourcesBuildPhase section */

/* Begin PBXTargetDependency section */
		72EBCF2B2C050571009D21E7 /* PBXTargetDependency */ = {
			isa = PBXTargetDependency;
			target = 72EBCF162C05056F009D21E7 /* Shopping List */;
			targetProxy = 72EBCF2A2C050571009D21E7 /* PBXContainerItemProxy */;
		};
		72EBCF352C050571009D21E7 /* PBXTargetDependency */ = {
			isa = PBXTargetDependency;
			target = 72EBCF162C05056F009D21E7 /* Shopping List */;
			targetProxy = 72EBCF342C050571009D21E7 /* PBXContainerItemProxy */;
		};
/* End PBXTargetDependency section */

/* Begin XCBuildConfiguration section */
		72EBCF3B2C050571009D21E7 /* Debug */ = {
			isa = XCBuildConfiguration;
			buildSettings = {
				ALWAYS_SEARCH_USER_PATHS = NO;
				ASSETCATALOG_COMPILER_GENERATE_SWIFT_ASSET_SYMBOL_EXTENSIONS = YES;
				CLANG_ANALYZER_NONNULL = YES;
				CLANG_ANALYZER_NUMBER_OBJECT_CONVERSION = YES_AGGRESSIVE;
				CLANG_CXX_LANGUAGE_STANDARD = "gnu++20";
				CLANG_ENABLE_MODULES = YES;
				CLANG_ENABLE_OBJC_ARC = YES;
				CLANG_ENABLE_OBJC_WEAK = YES;
				CLANG_WARN_BLOCK_CAPTURE_AUTORELEASING = YES;
				CLANG_WARN_BOOL_CONVERSION = YES;
				CLANG_WARN_COMMA = YES;
				CLANG_WARN_CONSTANT_CONVERSION = YES;
				CLANG_WARN_DEPRECATED_OBJC_IMPLEMENTATIONS = YES;
				CLANG_WARN_DIRECT_OBJC_ISA_USAGE = YES_ERROR;
				CLANG_WARN_DOCUMENTATION_COMMENTS = YES;
				CLANG_WARN_EMPTY_BODY = YES;
				CLANG_WARN_ENUM_CONVERSION = YES;
				CLANG_WARN_INFINITE_RECURSION = YES;
				CLANG_WARN_INT_CONVERSION = YES;
				CLANG_WARN_NON_LITERAL_NULL_CONVERSION = YES;
				CLANG_WARN_OBJC_IMPLICIT_RETAIN_SELF = YES;
				CLANG_WARN_OBJC_LITERAL_CONVERSION = YES;
				CLANG_WARN_OBJC_ROOT_CLASS = YES_ERROR;
				CLANG_WARN_QUOTED_INCLUDE_IN_FRAMEWORK_HEADER = YES;
				CLANG_WARN_RANGE_LOOP_ANALYSIS = YES;
				CLANG_WARN_STRICT_PROTOTYPES = YES;
				CLANG_WARN_SUSPICIOUS_MOVE = YES;
				CLANG_WARN_UNGUARDED_AVAILABILITY = YES_AGGRESSIVE;
				CLANG_WARN_UNREACHABLE_CODE = YES;
				CLANG_WARN__DUPLICATE_METHOD_MATCH = YES;
				COPY_PHASE_STRIP = NO;
				DEBUG_INFORMATION_FORMAT = dwarf;
				ENABLE_STRICT_OBJC_MSGSEND = YES;
				ENABLE_TESTABILITY = YES;
				ENABLE_USER_SCRIPT_SANDBOXING = YES;
				GCC_C_LANGUAGE_STANDARD = gnu17;
				GCC_DYNAMIC_NO_PIC = NO;
				GCC_NO_COMMON_BLOCKS = YES;
				GCC_OPTIMIZATION_LEVEL = 0;
				GCC_PREPROCESSOR_DEFINITIONS = (
					"DEBUG=1",
					"$(inherited)",
				);
				GCC_WARN_64_TO_32_BIT_CONVERSION = YES;
				GCC_WARN_ABOUT_RETURN_TYPE = YES_ERROR;
				GCC_WARN_UNDECLARED_SELECTOR = YES;
				GCC_WARN_UNINITIALIZED_AUTOS = YES_AGGRESSIVE;
				GCC_WARN_UNUSED_FUNCTION = YES;
				GCC_WARN_UNUSED_VARIABLE = YES;
				IPHONEOS_DEPLOYMENT_TARGET = 17.5;
				LOCALIZATION_PREFERS_STRING_CATALOGS = YES;
				MTL_ENABLE_DEBUG_INFO = INCLUDE_SOURCE;
				MTL_FAST_MATH = YES;
				ONLY_ACTIVE_ARCH = YES;
				SDKROOT = iphoneos;
				SWIFT_ACTIVE_COMPILATION_CONDITIONS = "DEBUG $(inherited)";
				SWIFT_OPTIMIZATION_LEVEL = "-Onone";
			};
			name = Debug;
		};
		72EBCF3C2C050571009D21E7 /* Release */ = {
			isa = XCBuildConfiguration;
			buildSettings = {
				ALWAYS_SEARCH_USER_PATHS = NO;
				ASSETCATALOG_COMPILER_GENERATE_SWIFT_ASSET_SYMBOL_EXTENSIONS = YES;
				CLANG_ANALYZER_NONNULL = YES;
				CLANG_ANALYZER_NUMBER_OBJECT_CONVERSION = YES_AGGRESSIVE;
				CLANG_CXX_LANGUAGE_STANDARD = "gnu++20";
				CLANG_ENABLE_MODULES = YES;
				CLANG_ENABLE_OBJC_ARC = YES;
				CLANG_ENABLE_OBJC_WEAK = YES;
				CLANG_WARN_BLOCK_CAPTURE_AUTORELEASING = YES;
				CLANG_WARN_BOOL_CONVERSION = YES;
				CLANG_WARN_COMMA = YES;
				CLANG_WARN_CONSTANT_CONVERSION = YES;
				CLANG_WARN_DEPRECATED_OBJC_IMPLEMENTATIONS = YES;
				CLANG_WARN_DIRECT_OBJC_ISA_USAGE = YES_ERROR;
				CLANG_WARN_DOCUMENTATION_COMMENTS = YES;
				CLANG_WARN_EMPTY_BODY = YES;
				CLANG_WARN_ENUM_CONVERSION = YES;
				CLANG_WARN_INFINITE_RECURSION = YES;
				CLANG_WARN_INT_CONVERSION = YES;
				CLANG_WARN_NON_LITERAL_NULL_CONVERSION = YES;
				CLANG_WARN_OBJC_IMPLICIT_RETAIN_SELF = YES;
				CLANG_WARN_OBJC_LITERAL_CONVERSION = YES;
				CLANG_WARN_OBJC_ROOT_CLASS = YES_ERROR;
				CLANG_WARN_QUOTED_INCLUDE_IN_FRAMEWORK_HEADER = YES;
				CLANG_WARN_RANGE_LOOP_ANALYSIS = YES;
				CLANG_WARN_STRICT_PROTOTYPES = YES;
				CLANG_WARN_SUSPICIOUS_MOVE = YES;
				CLANG_WARN_UNGUARDED_AVAILABILITY = YES_AGGRESSIVE;
				CLANG_WARN_UNREACHABLE_CODE = YES;
				CLANG_WARN__DUPLICATE_METHOD_MATCH = YES;
				COPY_PHASE_STRIP = NO;
				DEBUG_INFORMATION_FORMAT = "dwarf-with-dsym";
				ENABLE_NS_ASSERTIONS = NO;
				ENABLE_STRICT_OBJC_MSGSEND = YES;
				ENABLE_USER_SCRIPT_SANDBOXING = YES;
				GCC_C_LANGUAGE_STANDARD = gnu17;
				GCC_NO_COMMON_BLOCKS = YES;
				GCC_WARN_64_TO_32_BIT_CONVERSION = YES;
				GCC_WARN_ABOUT_RETURN_TYPE = YES_ERROR;
				GCC_WARN_UNDECLARED_SELECTOR = YES;
				GCC_WARN_UNINITIALIZED_AUTOS = YES_AGGRESSIVE;
				GCC_WARN_UNUSED_FUNCTION = YES;
				GCC_WARN_UNUSED_VARIABLE = YES;
				IPHONEOS_DEPLOYMENT_TARGET = 17.5;
				LOCALIZATION_PREFERS_STRING_CATALOGS = YES;
				MTL_ENABLE_DEBUG_INFO = NO;
				MTL_FAST_MATH = YES;
				SDKROOT = iphoneos;
				SWIFT_COMPILATION_MODE = wholemodule;
				VALIDATE_PRODUCT = YES;
			};
			name = Release;
		};
		72EBCF3E2C050571009D21E7 /* Debug */ = {
			isa = XCBuildConfiguration;
			buildSettings = {
				ASSETCATALOG_COMPILER_APPICON_NAME = AppIcon;
				ASSETCATALOG_COMPILER_GLOBAL_ACCENT_COLOR_NAME = AccentColor;
				CODE_SIGN_STYLE = Automatic;
				CURRENT_PROJECT_VERSION = 1;
				DEVELOPMENT_ASSET_PATHS = "\"Shopping List/Preview Content\"";
				DEVELOPMENT_TEAM = 84G5QLRWPP;
				ENABLE_PREVIEWS = YES;
				GENERATE_INFOPLIST_FILE = YES;
				INFOPLIST_KEY_UIApplicationSceneManifest_Generation = YES;
				INFOPLIST_KEY_UIApplicationSupportsIndirectInputEvents = YES;
				INFOPLIST_KEY_UILaunchScreen_Generation = YES;
				INFOPLIST_KEY_UISupportedInterfaceOrientations_iPad = "UIInterfaceOrientationPortrait UIInterfaceOrientationPortraitUpsideDown UIInterfaceOrientationLandscapeLeft UIInterfaceOrientationLandscapeRight";
				INFOPLIST_KEY_UISupportedInterfaceOrientations_iPhone = "UIInterfaceOrientationPortrait UIInterfaceOrientationLandscapeLeft UIInterfaceOrientationLandscapeRight";
				IPHONEOS_DEPLOYMENT_TARGET = 17.0;
				LD_RUNPATH_SEARCH_PATHS = (
					"$(inherited)",
					"@executable_path/Frameworks",
				);
				MARKETING_VERSION = 1.0;
				PRODUCT_BUNDLE_IDENTIFIER = "com.farid.Shopping-List";
				PRODUCT_NAME = "$(TARGET_NAME)";
				SWIFT_EMIT_LOC_STRINGS = YES;
				SWIFT_VERSION = 5.0;
				TARGETED_DEVICE_FAMILY = "1,2";
			};
			name = Debug;
		};
		72EBCF3F2C050571009D21E7 /* Release */ = {
			isa = XCBuildConfiguration;
			buildSettings = {
				ASSETCATALOG_COMPILER_APPICON_NAME = AppIcon;
				ASSETCATALOG_COMPILER_GLOBAL_ACCENT_COLOR_NAME = AccentColor;
				CODE_SIGN_STYLE = Automatic;
				CURRENT_PROJECT_VERSION = 1;
				DEVELOPMENT_ASSET_PATHS = "\"Shopping List/Preview Content\"";
				DEVELOPMENT_TEAM = 84G5QLRWPP;
				ENABLE_PREVIEWS = YES;
				GENERATE_INFOPLIST_FILE = YES;
				INFOPLIST_KEY_UIApplicationSceneManifest_Generation = YES;
				INFOPLIST_KEY_UIApplicationSupportsIndirectInputEvents = YES;
				INFOPLIST_KEY_UILaunchScreen_Generation = YES;
				INFOPLIST_KEY_UISupportedInterfaceOrientations_iPad = "UIInterfaceOrientationPortrait UIInterfaceOrientationPortraitUpsideDown UIInterfaceOrientationLandscapeLeft UIInterfaceOrientationLandscapeRight";
				INFOPLIST_KEY_UISupportedInterfaceOrientations_iPhone = "UIInterfaceOrientationPortrait UIInterfaceOrientationLandscapeLeft UIInterfaceOrientationLandscapeRight";
				IPHONEOS_DEPLOYMENT_TARGET = 17.0;
				LD_RUNPATH_SEARCH_PATHS = (
					"$(inherited)",
					"@executable_path/Frameworks",
				);
				MARKETING_VERSION = 1.0;
				PRODUCT_BUNDLE_IDENTIFIER = "com.farid.Shopping-List";
				PRODUCT_NAME = "$(TARGET_NAME)";
				SWIFT_EMIT_LOC_STRINGS = YES;
				SWIFT_VERSION = 5.0;
				TARGETED_DEVICE_FAMILY = "1,2";
			};
			name = Release;
		};
		72EBCF412C050571009D21E7 /* Debug */ = {
			isa = XCBuildConfiguration;
			buildSettings = {
				ALWAYS_EMBED_SWIFT_STANDARD_LIBRARIES = YES;
				BUNDLE_LOADER = "$(TEST_HOST)";
				CODE_SIGN_STYLE = Automatic;
				CURRENT_PROJECT_VERSION = 1;
				DEVELOPMENT_TEAM = 84G5QLRWPP;
				GENERATE_INFOPLIST_FILE = YES;
				IPHONEOS_DEPLOYMENT_TARGET = 17.0;
				MARKETING_VERSION = 1.0;
				PRODUCT_BUNDLE_IDENTIFIER = "com.farid.Shopping-ListTests";
				PRODUCT_NAME = "$(TARGET_NAME)";
				SWIFT_EMIT_LOC_STRINGS = NO;
				SWIFT_VERSION = 5.0;
				TARGETED_DEVICE_FAMILY = "1,2";
				TEST_HOST = "$(BUILT_PRODUCTS_DIR)/Shopping List.app/$(BUNDLE_EXECUTABLE_FOLDER_PATH)/Shopping List";
			};
			name = Debug;
		};
		72EBCF422C050571009D21E7 /* Release */ = {
			isa = XCBuildConfiguration;
			buildSettings = {
				ALWAYS_EMBED_SWIFT_STANDARD_LIBRARIES = YES;
				BUNDLE_LOADER = "$(TEST_HOST)";
				CODE_SIGN_STYLE = Automatic;
				CURRENT_PROJECT_VERSION = 1;
				DEVELOPMENT_TEAM = 84G5QLRWPP;
				GENERATE_INFOPLIST_FILE = YES;
				IPHONEOS_DEPLOYMENT_TARGET = 17.0;
				MARKETING_VERSION = 1.0;
				PRODUCT_BUNDLE_IDENTIFIER = "com.farid.Shopping-ListTests";
				PRODUCT_NAME = "$(TARGET_NAME)";
				SWIFT_EMIT_LOC_STRINGS = NO;
				SWIFT_VERSION = 5.0;
				TARGETED_DEVICE_FAMILY = "1,2";
				TEST_HOST = "$(BUILT_PRODUCTS_DIR)/Shopping List.app/$(BUNDLE_EXECUTABLE_FOLDER_PATH)/Shopping List";
			};
			name = Release;
		};
		72EBCF442C050571009D21E7 /* Debug */ = {
			isa = XCBuildConfiguration;
			buildSettings = {
				ALWAYS_EMBED_SWIFT_STANDARD_LIBRARIES = YES;
				CODE_SIGN_STYLE = Automatic;
				CURRENT_PROJECT_VERSION = 1;
				DEVELOPMENT_TEAM = 84G5QLRWPP;
				GENERATE_INFOPLIST_FILE = YES;
				IPHONEOS_DEPLOYMENT_TARGET = 17.0;
				MARKETING_VERSION = 1.0;
				PRODUCT_BUNDLE_IDENTIFIER = "com.farid.Shopping-ListUITests";
				PRODUCT_NAME = "$(TARGET_NAME)";
				SWIFT_EMIT_LOC_STRINGS = NO;
				SWIFT_VERSION = 5.0;
				TARGETED_DEVICE_FAMILY = "1,2";
				TEST_TARGET_NAME = "Shopping List";
			};
			name = Debug;
		};
		72EBCF452C050571009D21E7 /* Release */ = {
			isa = XCBuildConfiguration;
			buildSettings = {
				ALWAYS_EMBED_SWIFT_STANDARD_LIBRARIES = YES;
				CODE_SIGN_STYLE = Automatic;
				CURRENT_PROJECT_VERSION = 1;
				DEVELOPMENT_TEAM = 84G5QLRWPP;
				GENERATE_INFOPLIST_FILE = YES;
				IPHONEOS_DEPLOYMENT_TARGET = 17.0;
				MARKETING_VERSION = 1.0;
				PRODUCT_BUNDLE_IDENTIFIER = "com.farid.Shopping-ListUITests";
				PRODUCT_NAME = "$(TARGET_NAME)";
				SWIFT_EMIT_LOC_STRINGS = NO;
				SWIFT_VERSION = 5.0;
				TARGETED_DEVICE_FAMILY = "1,2";
				TEST_TARGET_NAME = "Shopping List";
			};
			name = Release;
		};
/* End XCBuildConfiguration section */

/* Begin XCConfigurationList section */
		72EBCF122C05056F009D21E7 /* Build configuration list for PBXProject "Shopping List" */ = {
			isa = XCConfigurationList;
			buildConfigurations = (
				72EBCF3B2C050571009D21E7 /* Debug */,
				72EBCF3C2C050571009D21E7 /* Release */,
			);
			defaultConfigurationIsVisible = 0;
			defaultConfigurationName = Release;
		};
		72EBCF3D2C050571009D21E7 /* Build configuration list for PBXNativeTarget "Shopping List" */ = {
			isa = XCConfigurationList;
			buildConfigurations = (
				72EBCF3E2C050571009D21E7 /* Debug */,
				72EBCF3F2C050571009D21E7 /* Release */,
			);
			defaultConfigurationIsVisible = 0;
			defaultConfigurationName = Release;
		};
		72EBCF402C050571009D21E7 /* Build configuration list for PBXNativeTarget "Shopping ListTests" */ = {
			isa = XCConfigurationList;
			buildConfigurations = (
				72EBCF412C050571009D21E7 /* Debug */,
				72EBCF422C050571009D21E7 /* Release */,
			);
			defaultConfigurationIsVisible = 0;
			defaultConfigurationName = Release;
		};
		72EBCF432C050571009D21E7 /* Build configuration list for PBXNativeTarget "Shopping ListUITests" */ = {
			isa = XCConfigurationList;
			buildConfigurations = (
				72EBCF442C050571009D21E7 /* Debug */,
				72EBCF452C050571009D21E7 /* Release */,
			);
			defaultConfigurationIsVisible = 0;
			defaultConfigurationName = Release;
		};
/* End XCConfigurationList section */

/* Begin XCVersionGroup section */
		7230DD372C074AA900529868 /* ShoppingList.xcdatamodeld */ = {
			isa = XCVersionGroup;
			children = (
				7230DD382C074AA900529868 /* ShoppingList.xcdatamodel */,
			);
			currentVersion = 7230DD382C074AA900529868 /* ShoppingList.xcdatamodel */;
			name = ShoppingList.xcdatamodeld;
			path = "/Users/mohamedfarid/Desktop/Shopping List/Shopping List/ShoppingList.xcdatamodeld";
			sourceTree = "<group>";
			versionGroupType = wrapper.xcdatamodel;
		};
/* End XCVersionGroup section */
	};
	rootObject = 72EBCF0F2C05056F009D21E7 /* Project object */;
}
